
Microsoft Visual Studio Solution File, Format Version 12.00
# Visual Studio Version 16
VisualStudioVersion = 16.0.31729.503
MinimumVisualStudioVersion = 10.0.40219.1
Project("{FAE04EC0-301F-11D3-BF4B-00C04F79EFBC}") = "WindowsFormsApp1", "WindowsFormsApp1\WindowsFormsApp1.csproj", "{662829E8-6ADA-43BC-A3A1-D7C660742C3A}"
EndProject
Global
	GlobalSection(SolutionConfigurationPlatforms) = preSolution
		Debug|Any CPU = Debug|Any CPU
		Release|Any CPU = Release|Any CPU
	EndGlobalSection
	GlobalSection(ProjectConfigurationPlatforms) = postSolution
		{662829E8-6ADA-43BC-A3A1-D7C660742C3A}.Debug|Any CPU.ActiveCfg = Debug|Any CPU
		{662829E8-6ADA-43BC-A3A1-D7C660742C3A}.Debug|Any CPU.Build.0 = Debug|Any CPU
		{662829E8-6ADA-43BC-A3A1-D7C660742C3A}.Release|Any CPU.ActiveCfg = Release|Any CPU
		{662829E8-6ADA-43BC-A3A1-D7C660742C3A}.Release|Any CPU.Build.0 = Release|Any CPU
	EndGlobalSection
	GlobalSection(SolutionProperties) = preSolution
		HideSolutionNode = FALSE
	EndGlobalSection
	GlobalSection(ExtensibilityGlobals) = postSolution
		SolutionGuid = {7ED1412D-923F-4022-89E2-1F6E060F0A4F}
	EndGlobalSection
EndGlobal
