
Microsoft Visual Studio Solution File, Format Version 12.00
# Visual Studio Version 16
VisualStudioVersion = 16.0.31729.503
MinimumVisualStudioVersion = 10.0.40219.1
Project("{FAE04EC0-301F-11D3-BF4B-00C04F79EFBC}") = "CleanFunctions", "CleanFunctions\CleanFunctions.csproj", "{11366F92-DDDF-41A2-B6A8-0552C11D86DB}"
EndProject
Global
	GlobalSection(SolutionConfigurationPlatforms) = preSolution
		Debug|Any CPU = Debug|Any CPU
		Release|Any CPU = Release|Any CPU
	EndGlobalSection
	GlobalSection(ProjectConfigurationPlatforms) = postSolution
		{11366F92-DDDF-41A2-B6A8-0552C11D86DB}.Debug|Any CPU.ActiveCfg = Debug|Any CPU
		{11366F92-DDDF-41A2-B6A8-0552C11D86DB}.Debug|Any CPU.Build.0 = Debug|Any CPU
		{11366F92-DDDF-41A2-B6A8-0552C11D86DB}.Release|Any CPU.ActiveCfg = Release|Any CPU
		{11366F92-DDDF-41A2-B6A8-0552C11D86DB}.Release|Any CPU.Build.0 = Release|Any CPU
	EndGlobalSection
	GlobalSection(SolutionProperties) = preSolution
		HideSolutionNode = FALSE
	EndGlobalSection
	GlobalSection(ExtensibilityGlobals) = postSolution
		SolutionGuid = {C05FEC63-7F84-4D36-A074-2A672B774D57}
	EndGlobalSection
EndGlobal
