
Microsoft Visual Studio Solution File, Format Version 12.00
# Visual Studio Version 16
VisualStudioVersion = 16.0.31729.503
MinimumVisualStudioVersion = 10.0.40219.1
Project("{FAE04EC0-301F-11D3-BF4B-00C04F79EFBC}") = "RefactoringToGoodCode", "RefactoringToGoodCode\RefactoringToGoodCode.csproj", "{96C5EBBC-4763-4523-BB4B-0CB44F0FC293}"
EndProject
Project("{FAE04EC0-301F-11D3-BF4B-00C04F79EFBC}") = "BrownField", "BrownField\BrownField.csproj", "{87950341-5611-49DF-B43D-68BD13C18898}"
EndProject
Global
	GlobalSection(SolutionConfigurationPlatforms) = preSolution
		Debug|Any CPU = Debug|Any CPU
		Release|Any CPU = Release|Any CPU
	EndGlobalSection
	GlobalSection(ProjectConfigurationPlatforms) = postSolution
		{96C5EBBC-4763-4523-BB4B-0CB44F0FC293}.Debug|Any CPU.ActiveCfg = Debug|Any CPU
		{96C5EBBC-4763-4523-BB4B-0CB44F0FC293}.Debug|Any CPU.Build.0 = Debug|Any CPU
		{96C5EBBC-4763-4523-BB4B-0CB44F0FC293}.Release|Any CPU.ActiveCfg = Release|Any CPU
		{96C5EBBC-4763-4523-BB4B-0CB44F0FC293}.Release|Any CPU.Build.0 = Release|Any CPU
		{87950341-5611-49DF-B43D-68BD13C18898}.Debug|Any CPU.ActiveCfg = Debug|Any CPU
		{87950341-5611-49DF-B43D-68BD13C18898}.Debug|Any CPU.Build.0 = Debug|Any CPU
		{87950341-5611-49DF-B43D-68BD13C18898}.Release|Any CPU.ActiveCfg = Release|Any CPU
		{87950341-5611-49DF-B43D-68BD13C18898}.Release|Any CPU.Build.0 = Release|Any CPU
	EndGlobalSection
	GlobalSection(SolutionProperties) = preSolution
		HideSolutionNode = FALSE
	EndGlobalSection
	GlobalSection(ExtensibilityGlobals) = postSolution
		SolutionGuid = {85E168AC-399E-4EAD-B751-751452F70457}
	EndGlobalSection
EndGlobal
